
Microsoft Visual Studio Solution File, Format Version 12.00
Project("{FAE04EC0-301F-11D3-BF4B-00C04F79EFBC}") = "BFS Store", "BFS Store\BFS Store.csproj", "{61C02944-CD38-476C-AB50-9EB4E70C1C85}"
EndProject
Project("{FAE04EC0-301F-11D3-BF4B-00C04F79EFBC}") = "BFS Store Tests", "BFS Store Tests\BFS Store Tests.csproj", "{570A72A6-C1E4-4997-B254-EB4612B37FE8}"
EndProject
Project("{FAE04EC0-301F-11D3-BF4B-00C04F79EFBC}") = "Parser", "..\Parser\Parser\Parser.csproj", "{94C633B8-6D1B-499F-81CC-E5FA5914E329}"
EndProject
Project("{FAE04EC0-301F-11D3-BF4B-00C04F79EFBC}") = "DAO", "DAO\DAO.csproj", "{D0C1B916-8797-4B6F-ADA7-5949316FED09}"
EndProject
Project("{FAE04EC0-301F-11D3-BF4B-00C04F79EFBC}") = "Auth", "Auth\Auth.csproj", "{38796F5A-7A5B-4323-9128-3E1D80736D50}"
EndProject
Global
	GlobalSection(SolutionConfigurationPlatforms) = preSolution
		Debug|Any CPU = Debug|Any CPU
		Release|Any CPU = Release|Any CPU
	EndGlobalSection
	GlobalSection(ProjectConfigurationPlatforms) = postSolution
		{61C02944-CD38-476C-AB50-9EB4E70C1C85}.Debug|Any CPU.ActiveCfg = Debug|Any CPU
		{61C02944-CD38-476C-AB50-9EB4E70C1C85}.Debug|Any CPU.Build.0 = Debug|Any CPU
		{61C02944-CD38-476C-AB50-9EB4E70C1C85}.Release|Any CPU.ActiveCfg = Release|Any CPU
		{61C02944-CD38-476C-AB50-9EB4E70C1C85}.Release|Any CPU.Build.0 = Release|Any CPU
		{570A72A6-C1E4-4997-B254-EB4612B37FE8}.Debug|Any CPU.ActiveCfg = Debug|Any CPU
		{570A72A6-C1E4-4997-B254-EB4612B37FE8}.Debug|Any CPU.Build.0 = Debug|Any CPU
		{570A72A6-C1E4-4997-B254-EB4612B37FE8}.Release|Any CPU.ActiveCfg = Release|Any CPU
		{570A72A6-C1E4-4997-B254-EB4612B37FE8}.Release|Any CPU.Build.0 = Release|Any CPU
		{94C633B8-6D1B-499F-81CC-E5FA5914E329}.Debug|Any CPU.ActiveCfg = Debug|Any CPU
		{94C633B8-6D1B-499F-81CC-E5FA5914E329}.Debug|Any CPU.Build.0 = Debug|Any CPU
		{94C633B8-6D1B-499F-81CC-E5FA5914E329}.Release|Any CPU.ActiveCfg = Release|Any CPU
		{94C633B8-6D1B-499F-81CC-E5FA5914E329}.Release|Any CPU.Build.0 = Release|Any CPU
		{D0C1B916-8797-4B6F-ADA7-5949316FED09}.Debug|Any CPU.ActiveCfg = Debug|Any CPU
		{D0C1B916-8797-4B6F-ADA7-5949316FED09}.Debug|Any CPU.Build.0 = Debug|Any CPU
		{D0C1B916-8797-4B6F-ADA7-5949316FED09}.Release|Any CPU.ActiveCfg = Release|Any CPU
		{D0C1B916-8797-4B6F-ADA7-5949316FED09}.Release|Any CPU.Build.0 = Release|Any CPU
		{38796F5A-7A5B-4323-9128-3E1D80736D50}.Debug|Any CPU.ActiveCfg = Debug|Any CPU
		{38796F5A-7A5B-4323-9128-3E1D80736D50}.Debug|Any CPU.Build.0 = Debug|Any CPU
		{38796F5A-7A5B-4323-9128-3E1D80736D50}.Release|Any CPU.ActiveCfg = Release|Any CPU
		{38796F5A-7A5B-4323-9128-3E1D80736D50}.Release|Any CPU.Build.0 = Release|Any CPU
	EndGlobalSection
EndGlobal
